// !$*UTF8*$!
{
	archiveVersion = 1;
	classes = {
	};
	objectVersion = 46;
	objects = {

/* Begin PBXBuildFile section */
		407536D81D694482006D8780 /* bluebox.scn in Resources */ = {isa = PBXBuildFile; fileRef = 407536D71D694482006D8780 /* bluebox.scn */; };
		407536E21D694B1C006D8780 /* teapot.scn in Resources */ = {isa = PBXBuildFile; fileRef = 407536E11D694B1C006D8780 /* teapot.scn */; };
		407536E41D694B8E006D8780 /* teapot.dae in Resources */ = {isa = PBXBuildFile; fileRef = 407536E31D694B8E006D8780 /* teapot.dae */; };
		CEF9986D1D689A8200415D8D /* AppDelegate.swift in Sources */ = {isa = PBXBuildFile; fileRef = CEF9986C1D689A8200415D8D /* AppDelegate.swift */; };
		CEF9986F1D689A8200415D8D /* GameScene.sks in Resources */ = {isa = PBXBuildFile; fileRef = CEF9986E1D689A8200415D8D /* GameScene.sks */; };
		CEF998711D689A8200415D8D /* Actions.sks in Resources */ = {isa = PBXBuildFile; fileRef = CEF998701D689A8200415D8D /* Actions.sks */; };
		CEF998731D689A8200415D8D /* GameScene.swift in Sources */ = {isa = PBXBuildFile; fileRef = CEF998721D689A8200415D8D /* GameScene.swift */; };
		CEF998751D689A8200415D8D /* GameViewController.swift in Sources */ = {isa = PBXBuildFile; fileRef = CEF998741D689A8200415D8D /* GameViewController.swift */; };
		CEF998781D689A8200415D8D /* Main.storyboard in Resources */ = {isa = PBXBuildFile; fileRef = CEF998761D689A8200415D8D /* Main.storyboard */; };
		CEF9987A1D689A8200415D8D /* Assets.xcassets in Resources */ = {isa = PBXBuildFile; fileRef = CEF998791D689A8200415D8D /* Assets.xcassets */; };
		CEF9987D1D689A8200415D8D /* LaunchScreen.storyboard in Resources */ = {isa = PBXBuildFile; fileRef = CEF9987B1D689A8200415D8D /* LaunchScreen.storyboard */; };
/* End PBXBuildFile section */

/* Begin PBXFileReference section */
		407536D71D694482006D8780 /* bluebox.scn */ = {isa = PBXFileReference; lastKnownFileType = file.bplist; path = bluebox.scn; sourceTree = "<group>"; };
		407536E11D694B1C006D8780 /* teapot.scn */ = {isa = PBXFileReference; lastKnownFileType = file.bplist; path = teapot.scn; sourceTree = "<group>"; };
		407536E31D694B8E006D8780 /* teapot.dae */ = {isa = PBXFileReference; fileEncoding = 4; lastKnownFileType = text.xml.dae; path = teapot.dae; sourceTree = "<group>"; };
		CEF998691D689A8200415D8D /* SpriteKitWithSceneKit.app */ = {isa = PBXFileReference; explicitFileType = wrapper.application; includeInIndex = 0; path = SpriteKitWithSceneKit.app; sourceTree = BUILT_PRODUCTS_DIR; };
		CEF9986C1D689A8200415D8D /* AppDelegate.swift */ = {isa = PBXFileReference; lastKnownFileType = sourcecode.swift; path = AppDelegate.swift; sourceTree = "<group>"; };
		CEF9986E1D689A8200415D8D /* GameScene.sks */ = {isa = PBXFileReference; lastKnownFileType = file.sks; path = GameScene.sks; sourceTree = "<group>"; };
		CEF998701D689A8200415D8D /* Actions.sks */ = {isa = PBXFileReference; lastKnownFileType = file.sks; path = Actions.sks; sourceTree = "<group>"; };
		CEF998721D689A8200415D8D /* GameScene.swift */ = {isa = PBXFileReference; lastKnownFileType = sourcecode.swift; path = GameScene.swift; sourceTree = "<group>"; };
		CEF998741D689A8200415D8D /* GameViewController.swift */ = {isa = PBXFileReference; lastKnownFileType = sourcecode.swift; path = GameViewController.swift; sourceTree = "<group>"; };
		CEF998771D689A8200415D8D /* Base */ = {isa = PBXFileReference; lastKnownFileType = file.storyboard; name = Base; path = Base.lproj/Main.storyboard; sourceTree = "<group>"; };
		CEF998791D689A8200415D8D /* Assets.xcassets */ = {isa = PBXFileReference; lastKnownFileType = folder.assetcatalog; path = Assets.xcassets; sourceTree = "<group>"; };
		CEF9987C1D689A8200415D8D /* Base */ = {isa = PBXFileReference; lastKnownFileType = file.storyboard; name = Base; path = Base.lproj/LaunchScreen.storyboard; sourceTree = "<group>"; };
		CEF9987E1D689A8200415D8D /* Info.plist */ = {isa = PBXFileReference; lastKnownFileType = text.plist.xml; path = Info.plist; sourceTree = "<group>"; };
/* End PBXFileReference section */

/* Begin PBXFrameworksBuildPhase section */
		CEF998661D689A8200415D8D /* Frameworks */ = {
			isa = PBXFrameworksBuildPhase;
			buildActionMask = 2147483647;
			files = (
			);
			runOnlyForDeploymentPostprocessing = 0;
		};
/* End PBXFrameworksBuildPhase section */

/* Begin PBXGroup section */
		CEF998601D689A8200415D8D = {
			isa = PBXGroup;
			children = (
				407536E11D694B1C006D8780 /* teapot.scn */,
				407536E31D694B8E006D8780 /* teapot.dae */,
				407536D71D694482006D8780 /* bluebox.scn */,
				CEF9986B1D689A8200415D8D /* SpriteKitWithSceneKit */,
				CEF9986A1D689A8200415D8D /* Products */,
			);
			sourceTree = "<group>";
		};
		CEF9986A1D689A8200415D8D /* Products */ = {
			isa = PBXGroup;
			children = (
				CEF998691D689A8200415D8D /* SpriteKitWithSceneKit.app */,
			);
			name = Products;
			sourceTree = "<group>";
		};
		CEF9986B1D689A8200415D8D /* SpriteKitWithSceneKit */ = {
			isa = PBXGroup;
			children = (
				CEF9986C1D689A8200415D8D /* AppDelegate.swift */,
				CEF9986E1D689A8200415D8D /* GameScene.sks */,
				CEF998701D689A8200415D8D /* Actions.sks */,
				CEF998721D689A8200415D8D /* GameScene.swift */,
				CEF998741D689A8200415D8D /* GameViewController.swift */,
				CEF998761D689A8200415D8D /* Main.storyboard */,
				CEF998791D689A8200415D8D /* Assets.xcassets */,
				CEF9987B1D689A8200415D8D /* LaunchScreen.storyboard */,
				CEF9987E1D689A8200415D8D /* Info.plist */,
			);
			path = SpriteKitWithSceneKit;
			sourceTree = "<group>";
		};
/* End PBXGroup section */

/* Begin PBXNativeTarget section */
		CEF998681D689A8200415D8D /* SpriteKitWithSceneKit */ = {
			isa = PBXNativeTarget;
			buildConfigurationList = CEF998811D689A8200415D8D /* Build configuration list for PBXNativeTarget "SpriteKitWithSceneKit" */;
			buildPhases = (
				CEF998651D689A8200415D8D /* Sources */,
				CEF998661D689A8200415D8D /* Frameworks */,
				CEF998671D689A8200415D8D /* Resources */,
			);
			buildRules = (
			);
			dependencies = (
			);
			name = SpriteKitWithSceneKit;
			productName = SpriteKitWithSceneKit;
			productReference = CEF998691D689A8200415D8D /* SpriteKitWithSceneKit.app */;
			productType = "com.apple.product-type.application";
		};
/* End PBXNativeTarget section */

/* Begin PBXProject section */
		CEF998611D689A8200415D8D /* Project object */ = {
			isa = PBXProject;
			attributes = {
				LastSwiftUpdateCheck = 0800;
				LastUpgradeCheck = 0800;
				ORGANIZATIONNAME = "GollyGee Software, Inc.";
				TargetAttributes = {
					CEF998681D689A8200415D8D = {
						CreatedOnToolsVersion = 8.0;
						ProvisioningStyle = Automatic;
					};
				};
			};
			buildConfigurationList = CEF998641D689A8200415D8D /* Build configuration list for PBXProject "SpriteKitWithSceneKit" */;
			compatibilityVersion = "Xcode 3.2";
			developmentRegion = English;
			hasScannedForEncodings = 0;
			knownRegions = (
				en,
				Base,
			);
			mainGroup = CEF998601D689A8200415D8D;
			productRefGroup = CEF9986A1D689A8200415D8D /* Products */;
			projectDirPath = "";
			projectRoot = "";
			targets = (
				CEF998681D689A8200415D8D /* SpriteKitWithSceneKit */,
			);
		};
/* End PBXProject section */

/* Begin PBXResourcesBuildPhase section */
		CEF998671D689A8200415D8D /* Resources */ = {
			isa = PBXResourcesBuildPhase;
			buildActionMask = 2147483647;
			files = (
				407536D81D694482006D8780 /* bluebox.scn in Resources */,
				CEF998781D689A8200415D8D /* Main.storyboard in Resources */,
				407536E21D694B1C006D8780 /* teapot.scn in Resources */,
				CEF9986F1D689A8200415D8D /* GameScene.sks in Resources */,
				CEF9987A1D689A8200415D8D /* Assets.xcassets in Resources */,
				CEF9987D1D689A8200415D8D /* LaunchScreen.storyboard in Resources */,
				CEF998711D689A8200415D8D /* Actions.sks in Resources */,
				407536E41D694B8E006D8780 /* teapot.dae in Resources */,
			);
			runOnlyForDeploymentPostprocessing = 0;
		};
/* End PBXResourcesBuildPhase section */

/* Begin PBXSourcesBuildPhase section */
		CEF998651D689A8200415D8D /* Sources */ = {
			isa = PBXSourcesBuildPhase;
			buildActionMask = 2147483647;
			files = (
				CEF998731D689A8200415D8D /* GameScene.swift in Sources */,
				CEF998751D689A8200415D8D /* GameViewController.swift in Sources */,
				CEF9986D1D689A8200415D8D /* AppDelegate.swift in Sources */,
			);
			runOnlyForDeploymentPostprocessing = 0;
		};
/* End PBXSourcesBuildPhase section */

/* Begin PBXVariantGroup section */
		CEF998761D689A8200415D8D /* Main.storyboard */ = {
			isa = PBXVariantGroup;
			children = (
				CEF998771D689A8200415D8D /* Base */,
			);
			name = Main.storyboard;
			sourceTree = "<group>";
		};
		CEF9987B1D689A8200415D8D /* LaunchScreen.storyboard */ = {
			isa = PBXVariantGroup;
			children = (
				CEF9987C1D689A8200415D8D /* Base */,
			);
			name = LaunchScreen.storyboard;
			sourceTree = "<group>";
		};
/* End PBXVariantGroup section */

/* Begin XCBuildConfiguration section */
		CEF9987F1D689A8200415D8D /* Debug */ = {
			isa = XCBuildConfiguration;
			buildSettings = {
				ALWAYS_SEARCH_USER_PATHS = NO;
				CLANG_ANALYZER_NONNULL = YES;
				CLANG_CXX_LANGUAGE_STANDARD = "gnu++0x";
				CLANG_CXX_LIBRARY = "libc++";
				CLANG_ENABLE_MODULES = YES;
				CLANG_ENABLE_OBJC_ARC = YES;
				CLANG_WARN_BOOL_CONVERSION = YES;
				CLANG_WARN_CONSTANT_CONVERSION = YES;
				CLANG_WARN_DIRECT_OBJC_ISA_USAGE = YES_ERROR;
				CLANG_WARN_DOCUMENTATION_COMMENTS = YES;
				CLANG_WARN_EMPTY_BODY = YES;
				CLANG_WARN_ENUM_CONVERSION = YES;
				CLANG_WARN_INFINITE_RECURSION = YES;
				CLANG_WARN_INT_CONVERSION = YES;
				CLANG_WARN_OBJC_ROOT_CLASS = YES_ERROR;
				CLANG_WARN_SUSPICIOUS_MOVES = YES;
				CLANG_WARN_UNREACHABLE_CODE = YES;
				CLANG_WARN__DUPLICATE_METHOD_MATCH = YES;
				"CODE_SIGN_IDENTITY[sdk=iphoneos*]" = "iPhone Developer";
				COPY_PHASE_STRIP = NO;
				DEBUG_INFORMATION_FORMAT = dwarf;
				ENABLE_STRICT_OBJC_MSGSEND = YES;
				ENABLE_TESTABILITY = YES;
				GCC_C_LANGUAGE_STANDARD = gnu99;
				GCC_DYNAMIC_NO_PIC = NO;
				GCC_NO_COMMON_BLOCKS = YES;
				GCC_OPTIMIZATION_LEVEL = 0;
				GCC_PREPROCESSOR_DEFINITIONS = (
					"DEBUG=1",
					"$(inherited)",
				);
				GCC_WARN_64_TO_32_BIT_CONVERSION = YES;
				GCC_WARN_ABOUT_RETURN_TYPE = YES_ERROR;
				GCC_WARN_UNDECLARED_SELECTOR = YES;
				GCC_WARN_UNINITIALIZED_AUTOS = YES_AGGRESSIVE;
				GCC_WARN_UNUSED_FUNCTION = YES;
				GCC_WARN_UNUSED_VARIABLE = YES;
				IPHONEOS_DEPLOYMENT_TARGET = 10.0;
				MTL_ENABLE_DEBUG_INFO = YES;
				ONLY_ACTIVE_ARCH = YES;
				SDKROOT = iphoneos;
				SWIFT_ACTIVE_COMPILATION_CONDITIONS = DEBUG;
				SWIFT_OPTIMIZATION_LEVEL = "-Onone";
				TARGETED_DEVICE_FAMILY = "1,2";
			};
			name = Debug;
		};
		CEF998801D689A8200415D8D /* Release */ = {
			isa = XCBuildConfiguration;
			buildSettings = {
				ALWAYS_SEARCH_USER_PATHS = NO;
				CLANG_ANALYZER_NONNULL = YES;
				CLANG_CXX_LANGUAGE_STANDARD = "gnu++0x";
				CLANG_CXX_LIBRARY = "libc++";
				CLANG_ENABLE_MODULES = YES;
				CLANG_ENABLE_OBJC_ARC = YES;
				CLANG_WARN_BOOL_CONVERSION = YES;
				CLANG_WARN_CONSTANT_CONVERSION = YES;
				CLANG_WARN_DIRECT_OBJC_ISA_USAGE = YES_ERROR;
				CLANG_WARN_DOCUMENTATION_COMMENTS = YES;
				CLANG_WARN_EMPTY_BODY = YES;
				CLANG_WARN_ENUM_CONVERSION = YES;
				CLANG_WARN_INFINITE_RECURSION = YES;
				CLANG_WARN_INT_CONVERSION = YES;
				CLANG_WARN_OBJC_ROOT_CLASS = YES_ERROR;
				CLANG_WARN_SUSPICIOUS_MOVES = YES;
				CLANG_WARN_UNREACHABLE_CODE = YES;
				CLANG_WARN__DUPLICATE_METHOD_MATCH = YES;
				"CODE_SIGN_IDENTITY[sdk=iphoneos*]" = "iPhone Developer";
				COPY_PHASE_STRIP = NO;
				DEBUG_INFORMATION_FORMAT = "dwarf-with-dsym";
				ENABLE_NS_ASSERTIONS = NO;
				ENABLE_STRICT_OBJC_MSGSEND = YES;
				GCC_C_LANGUAGE_STANDARD = gnu99;
				GCC_NO_COMMON_BLOCKS = YES;
				GCC_WARN_64_TO_32_BIT_CONVERSION = YES;
				GCC_WARN_ABOUT_RETURN_TYPE = YES_ERROR;
				GCC_WARN_UNDECLARED_SELECTOR = YES;
				GCC_WARN_UNINITIALIZED_AUTOS = YES_AGGRESSIVE;
				GCC_WARN_UNUSED_FUNCTION = YES;
				GCC_WARN_UNUSED_VARIABLE = YES;
				IPHONEOS_DEPLOYMENT_TARGET = 10.0;
				MTL_ENABLE_DEBUG_INFO = NO;
				SDKROOT = iphoneos;
				SWIFT_OPTIMIZATION_LEVEL = "-Owholemodule";
				TARGETED_DEVICE_FAMILY = "1,2";
				VALIDATE_PRODUCT = YES;
			};
			name = Release;
		};
		CEF998821D689A8200415D8D /* Debug */ = {
			isa = XCBuildConfiguration;
			buildSettings = {
				ASSETCATALOG_COMPILER_APPICON_NAME = AppIcon;
				INFOPLIST_FILE = SpriteKitWithSceneKit/Info.plist;
				LD_RUNPATH_SEARCH_PATHS = "$(inherited) @executable_path/Frameworks";
				PRODUCT_BUNDLE_IDENTIFIER = com.gollygee.SpriteKitWithSceneKit;
				PRODUCT_NAME = "$(TARGET_NAME)";
				SWIFT_VERSION = 3.0;
			};
			name = Debug;
		};
		CEF998831D689A8200415D8D /* Release */ = {
			isa = XCBuildConfiguration;
			buildSettings = {
				ASSETCATALOG_COMPILER_APPICON_NAME = AppIcon;
				INFOPLIST_FILE = SpriteKitWithSceneKit/Info.plist;
				LD_RUNPATH_SEARCH_PATHS = "$(inherited) @executable_path/Frameworks";
				PRODUCT_BUNDLE_IDENTIFIER = com.gollygee.SpriteKitWithSceneKit;
				PRODUCT_NAME = "$(TARGET_NAME)";
				SWIFT_VERSION = 3.0;
			};
			name = Release;
		};
/* End XCBuildConfiguration section */

/* Begin XCConfigurationList section */
		CEF998641D689A8200415D8D /* Build configuration list for PBXProject "SpriteKitWithSceneKit" */ = {
			isa = XCConfigurationList;
			buildConfigurations = (
				CEF9987F1D689A8200415D8D /* Debug */,
				CEF998801D689A8200415D8D /* Release */,
			);
			defaultConfigurationIsVisible = 0;
			defaultConfigurationName = Release;
		};
		CEF998811D689A8200415D8D /* Build configuration list for PBXNativeTarget "SpriteKitWithSceneKit" */ = {
			isa = XCConfigurationList;
			buildConfigurations = (
				CEF998821D689A8200415D8D /* Debug */,
				CEF998831D689A8200415D8D /* Release */,
			);
			defaultConfigurationIsVisible = 0;
			defaultConfigurationName = Release;
		};
/* End XCConfigurationList section */
	};
	rootObject = CEF998611D689A8200415D8D /* Project object */;
}
